// !$*UTF8*$!
{
	archiveVersion = 1;
	classes = {
	};
	objectVersion = 50;
	objects = {

/* Begin PBXBuildFile section */
		4375066625C09E66006158E4 /* HyperLinkItem.swift in Sources */ = {isa = PBXBuildFile; fileRef = 4375066525C09E66006158E4 /* HyperLinkItem.swift */; };
		43B4CDBE25BDC84900C59D08 /* odotApp.swift in Sources */ = {isa = PBXBuildFile; fileRef = 43B4CDBD25BDC84900C59D08 /* odotApp.swift */; };
		43B4CDC025BDC84900C59D08 /* ContentView.swift in Sources */ = {isa = PBXBuildFile; fileRef = 43B4CDBF25BDC84900C59D08 /* ContentView.swift */; };
		43B4CDC225BDC84A00C59D08 /* Assets.xcassets in Resources */ = {isa = PBXBuildFile; fileRef = 43B4CDC125BDC84A00C59D08 /* Assets.xcassets */; };
		43B4CDC525BDC84A00C59D08 /* Preview Assets.xcassets in Resources */ = {isa = PBXBuildFile; fileRef = 43B4CDC425BDC84A00C59D08 /* Preview Assets.xcassets */; };
		43B4CDD025BDC84A00C59D08 /* odotTests.swift in Sources */ = {isa = PBXBuildFile; fileRef = 43B4CDCF25BDC84A00C59D08 /* odotTests.swift */; };
		43B4CDDB25BDC84A00C59D08 /* odotUITests.swift in Sources */ = {isa = PBXBuildFile; fileRef = 43B4CDDA25BDC84A00C59D08 /* odotUITests.swift */; };
		43B4CDEF25BDC8E000C59D08 /* TodoItem.swift in Sources */ = {isa = PBXBuildFile; fileRef = 43B4CDEE25BDC8E000C59D08 /* TodoItem.swift */; };
		43B4CDF525BDCA5C00C59D08 /* Todos.swift in Sources */ = {isa = PBXBuildFile; fileRef = 43B4CDF425BDCA5C00C59D08 /* Todos.swift */; };
		43B4CE0325BDD13100C59D08 /* TodoSelectedItemView.swift in Sources */ = {isa = PBXBuildFile; fileRef = 43B4CE0225BDD13100C59D08 /* TodoSelectedItemView.swift */; };
/* End PBXBuildFile section */

/* Begin PBXContainerItemProxy section */
		43B4CDCC25BDC84A00C59D08 /* PBXContainerItemProxy */ = {
			isa = PBXContainerItemProxy;
			containerPortal = 43B4CDB225BDC84900C59D08 /* Project object */;
			proxyType = 1;
			remoteGlobalIDString = 43B4CDB925BDC84900C59D08;
			remoteInfo = odot;
		};
		43B4CDD725BDC84A00C59D08 /* PBXContainerItemProxy */ = {
			isa = PBXContainerItemProxy;
			containerPortal = 43B4CDB225BDC84900C59D08 /* Project object */;
			proxyType = 1;
			remoteGlobalIDString = 43B4CDB925BDC84900C59D08;
			remoteInfo = odot;
		};
/* End PBXContainerItemProxy section */

/* Begin PBXFileReference section */
		4375066525C09E66006158E4 /* HyperLinkItem.swift */ = {isa = PBXFileReference; lastKnownFileType = sourcecode.swift; path = HyperLinkItem.swift; sourceTree = "<group>"; };
		43B4CDBA25BDC84900C59D08 /* odot.app */ = {isa = PBXFileReference; explicitFileType = wrapper.application; includeInIndex = 0; path = odot.app; sourceTree = BUILT_PRODUCTS_DIR; };
		43B4CDBD25BDC84900C59D08 /* odotApp.swift */ = {isa = PBXFileReference; lastKnownFileType = sourcecode.swift; path = odotApp.swift; sourceTree = "<group>"; };
		43B4CDBF25BDC84900C59D08 /* ContentView.swift */ = {isa = PBXFileReference; lastKnownFileType = sourcecode.swift; path = ContentView.swift; sourceTree = "<group>"; };
		43B4CDC125BDC84A00C59D08 /* Assets.xcassets */ = {isa = PBXFileReference; lastKnownFileType = folder.assetcatalog; path = Assets.xcassets; sourceTree = "<group>"; };
		43B4CDC425BDC84A00C59D08 /* Preview Assets.xcassets */ = {isa = PBXFileReference; lastKnownFileType = folder.assetcatalog; path = "Preview Assets.xcassets"; sourceTree = "<group>"; };
		43B4CDC625BDC84A00C59D08 /* Info.plist */ = {isa = PBXFileReference; lastKnownFileType = text.plist.xml; path = Info.plist; sourceTree = "<group>"; };
		43B4CDCB25BDC84A00C59D08 /* odotTests.xctest */ = {isa = PBXFileReference; explicitFileType = wrapper.cfbundle; includeInIndex = 0; path = odotTests.xctest; sourceTree = BUILT_PRODUCTS_DIR; };
		43B4CDCF25BDC84A00C59D08 /* odotTests.swift */ = {isa = PBXFileReference; lastKnownFileType = sourcecode.swift; path = odotTests.swift; sourceTree = "<group>"; };
		43B4CDD125BDC84A00C59D08 /* Info.plist */ = {isa = PBXFileReference; lastKnownFileType = text.plist.xml; path = Info.plist; sourceTree = "<group>"; };
		43B4CDD625BDC84A00C59D08 /* odotUITests.xctest */ = {isa = PBXFileReference; explicitFileType = wrapper.cfbundle; includeInIndex = 0; path = odotUITests.xctest; sourceTree = BUILT_PRODUCTS_DIR; };
		43B4CDDA25BDC84A00C59D08 /* odotUITests.swift */ = {isa = PBXFileReference; lastKnownFileType = sourcecode.swift; path = odotUITests.swift; sourceTree = "<group>"; };
		43B4CDDC25BDC84A00C59D08 /* Info.plist */ = {isa = PBXFileReference; lastKnownFileType = text.plist.xml; path = Info.plist; sourceTree = "<group>"; };
		43B4CDEE25BDC8E000C59D08 /* TodoItem.swift */ = {isa = PBXFileReference; lastKnownFileType = sourcecode.swift; path = TodoItem.swift; sourceTree = "<group>"; };
		43B4CDF425BDCA5C00C59D08 /* Todos.swift */ = {isa = PBXFileReference; lastKnownFileType = sourcecode.swift; path = Todos.swift; sourceTree = "<group>"; };
		43B4CE0225BDD13100C59D08 /* TodoSelectedItemView.swift */ = {isa = PBXFileReference; lastKnownFileType = sourcecode.swift; path = TodoSelectedItemView.swift; sourceTree = "<group>"; };
/* End PBXFileReference section */

/* Begin PBXFrameworksBuildPhase section */
		43B4CDB725BDC84900C59D08 /* Frameworks */ = {
			isa = PBXFrameworksBuildPhase;
			buildActionMask = 2147483647;
			files = (
			);
			runOnlyForDeploymentPostprocessing = 0;
		};
		43B4CDC825BDC84A00C59D08 /* Frameworks */ = {
			isa = PBXFrameworksBuildPhase;
			buildActionMask = 2147483647;
			files = (
			);
			runOnlyForDeploymentPostprocessing = 0;
		};
		43B4CDD325BDC84A00C59D08 /* Frameworks */ = {
			isa = PBXFrameworksBuildPhase;
			buildActionMask = 2147483647;
			files = (
			);
			runOnlyForDeploymentPostprocessing = 0;
		};
/* End PBXFrameworksBuildPhase section */

/* Begin PBXGroup section */
		43B4CDB125BDC84900C59D08 = {
			isa = PBXGroup;
			children = (
				43B4CDBC25BDC84900C59D08 /* odot */,
				43B4CDCE25BDC84A00C59D08 /* odotTests */,
				43B4CDD925BDC84A00C59D08 /* odotUITests */,
				43B4CDBB25BDC84900C59D08 /* Products */,
			);
			sourceTree = "<group>";
		};
		43B4CDBB25BDC84900C59D08 /* Products */ = {
			isa = PBXGroup;
			children = (
				43B4CDBA25BDC84900C59D08 /* odot.app */,
				43B4CDCB25BDC84A00C59D08 /* odotTests.xctest */,
				43B4CDD625BDC84A00C59D08 /* odotUITests.xctest */,
			);
			name = Products;
			sourceTree = "<group>";
		};
		43B4CDBC25BDC84900C59D08 /* odot */ = {
			isa = PBXGroup;
			children = (
				43B4CDF325BDCA0E00C59D08 /* TodoModel */,
				43B4CDBD25BDC84900C59D08 /* odotApp.swift */,
				43B4CDBF25BDC84900C59D08 /* ContentView.swift */,
				43B4CE0225BDD13100C59D08 /* TodoSelectedItemView.swift */,
				43B4CDC125BDC84A00C59D08 /* Assets.xcassets */,
				43B4CDC625BDC84A00C59D08 /* Info.plist */,
				43B4CDC325BDC84A00C59D08 /* Preview Content */,
			);
			path = odot;
			sourceTree = "<group>";
		};
		43B4CDC325BDC84A00C59D08 /* Preview Content */ = {
			isa = PBXGroup;
			children = (
				43B4CDC425BDC84A00C59D08 /* Preview Assets.xcassets */,
			);
			path = "Preview Content";
			sourceTree = "<group>";
		};
		43B4CDCE25BDC84A00C59D08 /* odotTests */ = {
			isa = PBXGroup;
			children = (
				43B4CDCF25BDC84A00C59D08 /* odotTests.swift */,
				43B4CDD125BDC84A00C59D08 /* Info.plist */,
			);
			path = odotTests;
			sourceTree = "<group>";
		};
		43B4CDD925BDC84A00C59D08 /* odotUITests */ = {
			isa = PBXGroup;
			children = (
				43B4CDDA25BDC84A00C59D08 /* odotUITests.swift */,
				43B4CDDC25BDC84A00C59D08 /* Info.plist */,
			);
			path = odotUITests;
			sourceTree = "<group>";
		};
		43B4CDF325BDCA0E00C59D08 /* TodoModel */ = {
			isa = PBXGroup;
			children = (
				43B4CDEE25BDC8E000C59D08 /* TodoItem.swift */,
				43B4CDF425BDCA5C00C59D08 /* Todos.swift */,
				4375066525C09E66006158E4 /* HyperLinkItem.swift */,
			);
			path = TodoModel;
			sourceTree = "<group>";
		};
/* End PBXGroup section */

/* Begin PBXNativeTarget section */
		43B4CDB925BDC84900C59D08 /* odot */ = {
			isa = PBXNativeTarget;
			buildConfigurationList = 43B4CDDF25BDC84A00C59D08 /* Build configuration list for PBXNativeTarget "odot" */;
			buildPhases = (
				43B4CDB625BDC84900C59D08 /* Sources */,
				43B4CDB725BDC84900C59D08 /* Frameworks */,
				43B4CDB825BDC84900C59D08 /* Resources */,
			);
			buildRules = (
			);
			dependencies = (
			);
			name = odot;
			productName = odot;
			productReference = 43B4CDBA25BDC84900C59D08 /* odot.app */;
			productType = "com.apple.product-type.application";
		};
		43B4CDCA25BDC84A00C59D08 /* odotTests */ = {
			isa = PBXNativeTarget;
			buildConfigurationList = 43B4CDE225BDC84A00C59D08 /* Build configuration list for PBXNativeTarget "odotTests" */;
			buildPhases = (
				43B4CDC725BDC84A00C59D08 /* Sources */,
				43B4CDC825BDC84A00C59D08 /* Frameworks */,
				43B4CDC925BDC84A00C59D08 /* Resources */,
			);
			buildRules = (
			);
			dependencies = (
				43B4CDCD25BDC84A00C59D08 /* PBXTargetDependency */,
			);
			name = odotTests;
			productName = odotTests;
			productReference = 43B4CDCB25BDC84A00C59D08 /* odotTests.xctest */;
			productType = "com.apple.product-type.bundle.unit-test";
		};
		43B4CDD525BDC84A00C59D08 /* odotUITests */ = {
			isa = PBXNativeTarget;
			buildConfigurationList = 43B4CDE525BDC84A00C59D08 /* Build configuration list for PBXNativeTarget "odotUITests" */;
			buildPhases = (
				43B4CDD225BDC84A00C59D08 /* Sources */,
				43B4CDD325BDC84A00C59D08 /* Frameworks */,
				43B4CDD425BDC84A00C59D08 /* Resources */,
			);
			buildRules = (
			);
			dependencies = (
				43B4CDD825BDC84A00C59D08 /* PBXTargetDependency */,
			);
			name = odotUITests;
			productName = odotUITests;
			productReference = 43B4CDD625BDC84A00C59D08 /* odotUITests.xctest */;
			productType = "com.apple.product-type.bundle.ui-testing";
		};
/* End PBXNativeTarget section */

/* Begin PBXProject section */
		43B4CDB225BDC84900C59D08 /* Project object */ = {
			isa = PBXProject;
			attributes = {
				LastSwiftUpdateCheck = 1200;
				LastUpgradeCheck = 1200;
				TargetAttributes = {
					43B4CDB925BDC84900C59D08 = {
						CreatedOnToolsVersion = 12.0.1;
					};
					43B4CDCA25BDC84A00C59D08 = {
						CreatedOnToolsVersion = 12.0.1;
						TestTargetID = 43B4CDB925BDC84900C59D08;
					};
					43B4CDD525BDC84A00C59D08 = {
						CreatedOnToolsVersion = 12.0.1;
						TestTargetID = 43B4CDB925BDC84900C59D08;
					};
				};
			};
			buildConfigurationList = 43B4CDB525BDC84900C59D08 /* Build configuration list for PBXProject "odot" */;
			compatibilityVersion = "Xcode 9.3";
			developmentRegion = en;
			hasScannedForEncodings = 0;
			knownRegions = (
				en,
				Base,
			);
			mainGroup = 43B4CDB125BDC84900C59D08;
			productRefGroup = 43B4CDBB25BDC84900C59D08 /* Products */;
			projectDirPath = "";
			projectRoot = "";
			targets = (
				43B4CDB925BDC84900C59D08 /* odot */,
				43B4CDCA25BDC84A00C59D08 /* odotTests */,
				43B4CDD525BDC84A00C59D08 /* odotUITests */,
			);
		};
/* End PBXProject section */

/* Begin PBXResourcesBuildPhase section */
		43B4CDB825BDC84900C59D08 /* Resources */ = {
			isa = PBXResourcesBuildPhase;
			buildActionMask = 2147483647;
			files = (
				43B4CDC525BDC84A00C59D08 /* Preview Assets.xcassets in Resources */,
				43B4CDC225BDC84A00C59D08 /* Assets.xcassets in Resources */,
			);
			runOnlyForDeploymentPostprocessing = 0;
		};
		43B4CDC925BDC84A00C59D08 /* Resources */ = {
			isa = PBXResourcesBuildPhase;
			buildActionMask = 2147483647;
			files = (
			);
			runOnlyForDeploymentPostprocessing = 0;
		};
		43B4CDD425BDC84A00C59D08 /* Resources */ = {
			isa = PBXResourcesBuildPhase;
			buildActionMask = 2147483647;
			files = (
			);
			runOnlyForDeploymentPostprocessing = 0;
		};
/* End PBXResourcesBuildPhase section */

/* Begin PBXSourcesBuildPhase section */
		43B4CDB625BDC84900C59D08 /* Sources */ = {
			isa = PBXSourcesBuildPhase;
			buildActionMask = 2147483647;
			files = (
				43B4CDC025BDC84900C59D08 /* ContentView.swift in Sources */,
				43B4CDBE25BDC84900C59D08 /* odotApp.swift in Sources */,
				43B4CE0325BDD13100C59D08 /* TodoSelectedItemView.swift in Sources */,
				43B4CDEF25BDC8E000C59D08 /* TodoItem.swift in Sources */,
				43B4CDF525BDCA5C00C59D08 /* Todos.swift in Sources */,
				4375066625C09E66006158E4 /* HyperLinkItem.swift in Sources */,
			);
			runOnlyForDeploymentPostprocessing = 0;
		};
		43B4CDC725BDC84A00C59D08 /* Sources */ = {
			isa = PBXSourcesBuildPhase;
			buildActionMask = 2147483647;
			files = (
				43B4CDD025BDC84A00C59D08 /* odotTests.swift in Sources */,
			);
			runOnlyForDeploymentPostprocessing = 0;
		};
		43B4CDD225BDC84A00C59D08 /* Sources */ = {
			isa = PBXSourcesBuildPhase;
			buildActionMask = 2147483647;
			files = (
				43B4CDDB25BDC84A00C59D08 /* odotUITests.swift in Sources */,
			);
			runOnlyForDeploymentPostprocessing = 0;
		};
/* End PBXSourcesBuildPhase section */

/* Begin PBXTargetDependency section */
		43B4CDCD25BDC84A00C59D08 /* PBXTargetDependency */ = {
			isa = PBXTargetDependency;
			target = 43B4CDB925BDC84900C59D08 /* odot */;
			targetProxy = 43B4CDCC25BDC84A00C59D08 /* PBXContainerItemProxy */;
		};
		43B4CDD825BDC84A00C59D08 /* PBXTargetDependency */ = {
			isa = PBXTargetDependency;
			target = 43B4CDB925BDC84900C59D08 /* odot */;
			targetProxy = 43B4CDD725BDC84A00C59D08 /* PBXContainerItemProxy */;
		};
/* End PBXTargetDependency section */

/* Begin XCBuildConfiguration section */
		43B4CDDD25BDC84A00C59D08 /* Debug */ = {
			isa = XCBuildConfiguration;
			buildSettings = {
				ALWAYS_SEARCH_USER_PATHS = NO;
				CLANG_ANALYZER_NONNULL = YES;
				CLANG_ANALYZER_NUMBER_OBJECT_CONVERSION = YES_AGGRESSIVE;
				CLANG_CXX_LANGUAGE_STANDARD = "gnu++14";
				CLANG_CXX_LIBRARY = "libc++";
				CLANG_ENABLE_MODULES = YES;
				CLANG_ENABLE_OBJC_ARC = YES;
				CLANG_ENABLE_OBJC_WEAK = YES;
				CLANG_WARN_BLOCK_CAPTURE_AUTORELEASING = YES;
				CLANG_WARN_BOOL_CONVERSION = YES;
				CLANG_WARN_COMMA = YES;
				CLANG_WARN_CONSTANT_CONVERSION = YES;
				CLANG_WARN_DEPRECATED_OBJC_IMPLEMENTATIONS = YES;
				CLANG_WARN_DIRECT_OBJC_ISA_USAGE = YES_ERROR;
				CLANG_WARN_DOCUMENTATION_COMMENTS = YES;
				CLANG_WARN_EMPTY_BODY = YES;
				CLANG_WARN_ENUM_CONVERSION = YES;
				CLANG_WARN_INFINITE_RECURSION = YES;
				CLANG_WARN_INT_CONVERSION = YES;
				CLANG_WARN_NON_LITERAL_NULL_CONVERSION = YES;
				CLANG_WARN_OBJC_IMPLICIT_RETAIN_SELF = YES;
				CLANG_WARN_OBJC_LITERAL_CONVERSION = YES;
				CLANG_WARN_OBJC_ROOT_CLASS = YES_ERROR;
				CLANG_WARN_QUOTED_INCLUDE_IN_FRAMEWORK_HEADER = YES;
				CLANG_WARN_RANGE_LOOP_ANALYSIS = YES;
				CLANG_WARN_STRICT_PROTOTYPES = YES;
				CLANG_WARN_SUSPICIOUS_MOVE = YES;
				CLANG_WARN_UNGUARDED_AVAILABILITY = YES_AGGRESSIVE;
				CLANG_WARN_UNREACHABLE_CODE = YES;
				CLANG_WARN__DUPLICATE_METHOD_MATCH = YES;
				COPY_PHASE_STRIP = NO;
				DEBUG_INFORMATION_FORMAT = dwarf;
				ENABLE_STRICT_OBJC_MSGSEND = YES;
				ENABLE_TESTABILITY = YES;
				GCC_C_LANGUAGE_STANDARD = gnu11;
				GCC_DYNAMIC_NO_PIC = NO;
				GCC_NO_COMMON_BLOCKS = YES;
				GCC_OPTIMIZATION_LEVEL = 0;
				GCC_PREPROCESSOR_DEFINITIONS = (
					"DEBUG=1",
					"$(inherited)",
				);
				GCC_WARN_64_TO_32_BIT_CONVERSION = YES;
				GCC_WARN_ABOUT_RETURN_TYPE = YES_ERROR;
				GCC_WARN_UNDECLARED_SELECTOR = YES;
				GCC_WARN_UNINITIALIZED_AUTOS = YES_AGGRESSIVE;
				GCC_WARN_UNUSED_FUNCTION = YES;
				GCC_WARN_UNUSED_VARIABLE = YES;
				IPHONEOS_DEPLOYMENT_TARGET = 14.0;
				MTL_ENABLE_DEBUG_INFO = INCLUDE_SOURCE;
				MTL_FAST_MATH = YES;
				ONLY_ACTIVE_ARCH = YES;
				SDKROOT = iphoneos;
				SWIFT_ACTIVE_COMPILATION_CONDITIONS = DEBUG;
				SWIFT_OPTIMIZATION_LEVEL = "-Onone";
			};
			name = Debug;
		};
		43B4CDDE25BDC84A00C59D08 /* Release */ = {
			isa = XCBuildConfiguration;
			buildSettings = {
				ALWAYS_SEARCH_USER_PATHS = NO;
				CLANG_ANALYZER_NONNULL = YES;
				CLANG_ANALYZER_NUMBER_OBJECT_CONVERSION = YES_AGGRESSIVE;
				CLANG_CXX_LANGUAGE_STANDARD = "gnu++14";
				CLANG_CXX_LIBRARY = "libc++";
				CLANG_ENABLE_MODULES = YES;
				CLANG_ENABLE_OBJC_ARC = YES;
				CLANG_ENABLE_OBJC_WEAK = YES;
				CLANG_WARN_BLOCK_CAPTURE_AUTORELEASING = YES;
				CLANG_WARN_BOOL_CONVERSION = YES;
				CLANG_WARN_COMMA = YES;
				CLANG_WARN_CONSTANT_CONVERSION = YES;
				CLANG_WARN_DEPRECATED_OBJC_IMPLEMENTATIONS = YES;
				CLANG_WARN_DIRECT_OBJC_ISA_USAGE = YES_ERROR;
				CLANG_WARN_DOCUMENTATION_COMMENTS = YES;
				CLANG_WARN_EMPTY_BODY = YES;
				CLANG_WARN_ENUM_CONVERSION = YES;
				CLANG_WARN_INFINITE_RECURSION = YES;
				CLANG_WARN_INT_CONVERSION = YES;
				CLANG_WARN_NON_LITERAL_NULL_CONVERSION = YES;
				CLANG_WARN_OBJC_IMPLICIT_RETAIN_SELF = YES;
				CLANG_WARN_OBJC_LITERAL_CONVERSION = YES;
				CLANG_WARN_OBJC_ROOT_CLASS = YES_ERROR;
				CLANG_WARN_QUOTED_INCLUDE_IN_FRAMEWORK_HEADER = YES;
				CLANG_WARN_RANGE_LOOP_ANALYSIS = YES;
				CLANG_WARN_STRICT_PROTOTYPES = YES;
				CLANG_WARN_SUSPICIOUS_MOVE = YES;
				CLANG_WARN_UNGUARDED_AVAILABILITY = YES_AGGRESSIVE;
				CLANG_WARN_UNREACHABLE_CODE = YES;
				CLANG_WARN__DUPLICATE_METHOD_MATCH = YES;
				COPY_PHASE_STRIP = NO;
				DEBUG_INFORMATION_FORMAT = "dwarf-with-dsym";
				ENABLE_NS_ASSERTIONS = NO;
				ENABLE_STRICT_OBJC_MSGSEND = YES;
				GCC_C_LANGUAGE_STANDARD = gnu11;
				GCC_NO_COMMON_BLOCKS = YES;
				GCC_WARN_64_TO_32_BIT_CONVERSION = YES;
				GCC_WARN_ABOUT_RETURN_TYPE = YES_ERROR;
				GCC_WARN_UNDECLARED_SELECTOR = YES;
				GCC_WARN_UNINITIALIZED_AUTOS = YES_AGGRESSIVE;
				GCC_WARN_UNUSED_FUNCTION = YES;
				GCC_WARN_UNUSED_VARIABLE = YES;
				IPHONEOS_DEPLOYMENT_TARGET = 14.0;
				MTL_ENABLE_DEBUG_INFO = NO;
				MTL_FAST_MATH = YES;
				SDKROOT = iphoneos;
				SWIFT_COMPILATION_MODE = wholemodule;
				SWIFT_OPTIMIZATION_LEVEL = "-O";
				VALIDATE_PRODUCT = YES;
			};
			name = Release;
		};
		43B4CDE025BDC84A00C59D08 /* Debug */ = {
			isa = XCBuildConfiguration;
			buildSettings = {
				ASSETCATALOG_COMPILER_APPICON_NAME = AppIcon;
				ASSETCATALOG_COMPILER_GLOBAL_ACCENT_COLOR_NAME = AccentColor;
				CODE_SIGN_STYLE = Automatic;
				DEVELOPMENT_ASSET_PATHS = "\"odot/Preview Content\"";
				DEVELOPMENT_TEAM = JX465SN2DR;
				ENABLE_PREVIEWS = YES;
				INFOPLIST_FILE = odot/Info.plist;
				IPHONEOS_DEPLOYMENT_TARGET = 14.0;
				LD_RUNPATH_SEARCH_PATHS = (
					"$(inherited)",
					"@executable_path/Frameworks",
				);
				PRODUCT_BUNDLE_IDENTIFIER = jeber.odot;
				PRODUCT_NAME = "$(TARGET_NAME)";
				SWIFT_VERSION = 5.0;
				TARGETED_DEVICE_FAMILY = "1,2";
			};
			name = Debug;
		};
		43B4CDE125BDC84A00C59D08 /* Release */ = {
			isa = XCBuildConfiguration;
			buildSettings = {
				ASSETCATALOG_COMPILER_APPICON_NAME = AppIcon;
				ASSETCATALOG_COMPILER_GLOBAL_ACCENT_COLOR_NAME = AccentColor;
				CODE_SIGN_STYLE = Automatic;
				DEVELOPMENT_ASSET_PATHS = "\"odot/Preview Content\"";
				DEVELOPMENT_TEAM = JX465SN2DR;
				ENABLE_PREVIEWS = YES;
				INFOPLIST_FILE = odot/Info.plist;
				IPHONEOS_DEPLOYMENT_TARGET = 14.0;
				LD_RUNPATH_SEARCH_PATHS = (
					"$(inherited)",
					"@executable_path/Frameworks",
				);
				PRODUCT_BUNDLE_IDENTIFIER = jeber.odot;
				PRODUCT_NAME = "$(TARGET_NAME)";
				SWIFT_VERSION = 5.0;
				TARGETED_DEVICE_FAMILY = "1,2";
			};
			name = Release;
		};
		43B4CDE325BDC84A00C59D08 /* Debug */ = {
			isa = XCBuildConfiguration;
			buildSettings = {
				ALWAYS_EMBED_SWIFT_STANDARD_LIBRARIES = YES;
				BUNDLE_LOADER = "$(TEST_HOST)";
				CODE_SIGN_STYLE = Automatic;
				DEVELOPMENT_TEAM = JX465SN2DR;
				INFOPLIST_FILE = odotTests/Info.plist;
				IPHONEOS_DEPLOYMENT_TARGET = 14.0;
				LD_RUNPATH_SEARCH_PATHS = (
					"$(inherited)",
					"@executable_path/Frameworks",
					"@loader_path/Frameworks",
				);
				PRODUCT_BUNDLE_IDENTIFIER = jeber.odotTests;
				PRODUCT_NAME = "$(TARGET_NAME)";
				SWIFT_VERSION = 5.0;
				TARGETED_DEVICE_FAMILY = "1,2";
				TEST_HOST = "$(BUILT_PRODUCTS_DIR)/odot.app/odot";
			};
			name = Debug;
		};
		43B4CDE425BDC84A00C59D08 /* Release */ = {
			isa = XCBuildConfiguration;
			buildSettings = {
				ALWAYS_EMBED_SWIFT_STANDARD_LIBRARIES = YES;
				BUNDLE_LOADER = "$(TEST_HOST)";
				CODE_SIGN_STYLE = Automatic;
				DEVELOPMENT_TEAM = JX465SN2DR;
				INFOPLIST_FILE = odotTests/Info.plist;
				IPHONEOS_DEPLOYMENT_TARGET = 14.0;
				LD_RUNPATH_SEARCH_PATHS = (
					"$(inherited)",
					"@executable_path/Frameworks",
					"@loader_path/Frameworks",
				);
				PRODUCT_BUNDLE_IDENTIFIER = jeber.odotTests;
				PRODUCT_NAME = "$(TARGET_NAME)";
				SWIFT_VERSION = 5.0;
				TARGETED_DEVICE_FAMILY = "1,2";
				TEST_HOST = "$(BUILT_PRODUCTS_DIR)/odot.app/odot";
			};
			name = Release;
		};
		43B4CDE625BDC84A00C59D08 /* Debug */ = {
			isa = XCBuildConfiguration;
			buildSettings = {
				ALWAYS_EMBED_SWIFT_STANDARD_LIBRARIES = YES;
				CODE_SIGN_STYLE = Automatic;
				DEVELOPMENT_TEAM = JX465SN2DR;
				INFOPLIST_FILE = odotUITests/Info.plist;
				LD_RUNPATH_SEARCH_PATHS = (
					"$(inherited)",
					"@executable_path/Frameworks",
					"@loader_path/Frameworks",
				);
				PRODUCT_BUNDLE_IDENTIFIER = jeber.odotUITests;
				PRODUCT_NAME = "$(TARGET_NAME)";
				SWIFT_VERSION = 5.0;
				TARGETED_DEVICE_FAMILY = "1,2";
				TEST_TARGET_NAME = odot;
			};
			name = Debug;
		};
		43B4CDE725BDC84A00C59D08 /* Release */ = {
			isa = XCBuildConfiguration;
			buildSettings = {
				ALWAYS_EMBED_SWIFT_STANDARD_LIBRARIES = YES;
				CODE_SIGN_STYLE = Automatic;
				DEVELOPMENT_TEAM = JX465SN2DR;
				INFOPLIST_FILE = odotUITests/Info.plist;
				LD_RUNPATH_SEARCH_PATHS = (
					"$(inherited)",
					"@executable_path/Frameworks",
					"@loader_path/Frameworks",
				);
				PRODUCT_BUNDLE_IDENTIFIER = jeber.odotUITests;
				PRODUCT_NAME = "$(TARGET_NAME)";
				SWIFT_VERSION = 5.0;
				TARGETED_DEVICE_FAMILY = "1,2";
				TEST_TARGET_NAME = odot;
			};
			name = Release;
		};
/* End XCBuildConfiguration section */

/* Begin XCConfigurationList section */
		43B4CDB525BDC84900C59D08 /* Build configuration list for PBXProject "odot" */ = {
			isa = XCConfigurationList;
			buildConfigurations = (
				43B4CDDD25BDC84A00C59D08 /* Debug */,
				43B4CDDE25BDC84A00C59D08 /* Release */,
			);
			defaultConfigurationIsVisible = 0;
			defaultConfigurationName = Release;
		};
		43B4CDDF25BDC84A00C59D08 /* Build configuration list for PBXNativeTarget "odot" */ = {
			isa = XCConfigurationList;
			buildConfigurations = (
				43B4CDE025BDC84A00C59D08 /* Debug */,
				43B4CDE125BDC84A00C59D08 /* Release */,
			);
			defaultConfigurationIsVisible = 0;
			defaultConfigurationName = Release;
		};
		43B4CDE225BDC84A00C59D08 /* Build configuration list for PBXNativeTarget "odotTests" */ = {
			isa = XCConfigurationList;
			buildConfigurations = (
				43B4CDE325BDC84A00C59D08 /* Debug */,
				43B4CDE425BDC84A00C59D08 /* Release */,
			);
			defaultConfigurationIsVisible = 0;
			defaultConfigurationName = Release;
		};
		43B4CDE525BDC84A00C59D08 /* Build configuration list for PBXNativeTarget "odotUITests" */ = {
			isa = XCConfigurationList;
			buildConfigurations = (
				43B4CDE625BDC84A00C59D08 /* Debug */,
				43B4CDE725BDC84A00C59D08 /* Release */,
			);
			defaultConfigurationIsVisible = 0;
			defaultConfigurationName = Release;
		};
/* End XCConfigurationList section */
	};
	rootObject = 43B4CDB225BDC84900C59D08 /* Project object */;
}
